
Microsoft Visual Studio Solution File, Format Version 12.00
# Visual Studio Version 16
VisualStudioVersion = 16.0.31019.35
MinimumVisualStudioVersion = 10.0.40219.1
Project("{2150E333-8FDC-42A3-9474-1A3956D46DE8}") = "Lab1", "Lab1", "{6BB11DAC-9383-4C86-B444-B18028B2B9C3}"
EndProject
Project("{8BC9CEB8-8B4A-11D0-8D11-00A0C91BC942}") = "ColouredTemplate1", "Lab1\ColouredTemplate1\ColouredTemplate1.vcxproj", "{B9C0CFDE-2187-4ECE-9DAE-DDC3F8EFC37F}"
EndProject
Project("{8BC9CEB8-8B4A-11D0-8D11-00A0C91BC942}") = "ConvexPolygon", "Lab1\ConvexPolygon\ConvexPolygon.vcxproj", "{199DE465-D6FE-4984-BD3A-DD0E43998682}"
EndProject
Project("{8BC9CEB8-8B4A-11D0-8D11-00A0C91BC942}") = "DefineChanger", "Lab1\DefineChanger\DefineChanger.vcxproj", "{5D30E085-089A-471B-909A-E7CEE18EEF4F}"
EndProject
Project("{8BC9CEB8-8B4A-11D0-8D11-00A0C91BC942}") = "Interpretator6", "Lab1\Interpretator6\Interpretator6.vcxproj", "{6250E747-A07B-424D-9293-27CA0FF2C972}"
EndProject
Project("{8BC9CEB8-8B4A-11D0-8D11-00A0C91BC942}") = "NumerationSystem", "Lab1\NumerationSystem\NumerationSystem.vcxproj", "{455416E4-51A3-459F-979C-FDD6A79A34A1}"
EndProject
Project("{8BC9CEB8-8B4A-11D0-8D11-00A0C91BC942}") = "PolynomHorner", "Lab1\PolunomHorner\PolunomHorner.vcxproj", "{E382C45C-2994-41CE-8137-2662006FD4EC}"
EndProject
Project("{8BC9CEB8-8B4A-11D0-8D11-00A0C91BC942}") = "SubstrSearching", "Lab1\SubstrSearching\SubstrSearching.vcxproj", "{D5DBA186-EFED-4AC1-9E0C-F6049290EDAA}"
EndProject
Project("{8BC9CEB8-8B4A-11D0-8D11-00A0C91BC942}") = "SumInNumerationSystem", "Lab1\SumInNumerationSystem\SumInNumerationSystem.vcxproj", "{4C560533-DAC7-4ABB-9BEF-37971270D0A4}"
EndProject
Global
	GlobalSection(SolutionConfigurationPlatforms) = preSolution
		Debug|x64 = Debug|x64
		Debug|x86 = Debug|x86
		Release|x64 = Release|x64
		Release|x86 = Release|x86
	EndGlobalSection
	GlobalSection(ProjectConfigurationPlatforms) = postSolution
		{B9C0CFDE-2187-4ECE-9DAE-DDC3F8EFC37F}.Debug|x64.ActiveCfg = Debug|x64
		{B9C0CFDE-2187-4ECE-9DAE-DDC3F8EFC37F}.Debug|x64.Build.0 = Debug|x64
		{B9C0CFDE-2187-4ECE-9DAE-DDC3F8EFC37F}.Debug|x86.ActiveCfg = Debug|Win32
		{B9C0CFDE-2187-4ECE-9DAE-DDC3F8EFC37F}.Debug|x86.Build.0 = Debug|Win32
		{B9C0CFDE-2187-4ECE-9DAE-DDC3F8EFC37F}.Release|x64.ActiveCfg = Release|x64
		{B9C0CFDE-2187-4ECE-9DAE-DDC3F8EFC37F}.Release|x64.Build.0 = Release|x64
		{B9C0CFDE-2187-4ECE-9DAE-DDC3F8EFC37F}.Release|x86.ActiveCfg = Release|Win32
		{B9C0CFDE-2187-4ECE-9DAE-DDC3F8EFC37F}.Release|x86.Build.0 = Release|Win32
		{199DE465-D6FE-4984-BD3A-DD0E43998682}.Debug|x64.ActiveCfg = Debug|x64
		{199DE465-D6FE-4984-BD3A-DD0E43998682}.Debug|x64.Build.0 = Debug|x64
		{199DE465-D6FE-4984-BD3A-DD0E43998682}.Debug|x86.ActiveCfg = Debug|Win32
		{199DE465-D6FE-4984-BD3A-DD0E43998682}.Debug|x86.Build.0 = Debug|Win32
		{199DE465-D6FE-4984-BD3A-DD0E43998682}.Release|x64.ActiveCfg = Release|x64
		{199DE465-D6FE-4984-BD3A-DD0E43998682}.Release|x64.Build.0 = Release|x64
		{199DE465-D6FE-4984-BD3A-DD0E43998682}.Release|x86.ActiveCfg = Release|Win32
		{199DE465-D6FE-4984-BD3A-DD0E43998682}.Release|x86.Build.0 = Release|Win32
		{5D30E085-089A-471B-909A-E7CEE18EEF4F}.Debug|x64.ActiveCfg = Debug|x64
		{5D30E085-089A-471B-909A-E7CEE18EEF4F}.Debug|x64.Build.0 = Debug|x64
		{5D30E085-089A-471B-909A-E7CEE18EEF4F}.Debug|x86.ActiveCfg = Debug|Win32
		{5D30E085-089A-471B-909A-E7CEE18EEF4F}.Debug|x86.Build.0 = Debug|Win32
		{5D30E085-089A-471B-909A-E7CEE18EEF4F}.Release|x64.ActiveCfg = Release|x64
		{5D30E085-089A-471B-909A-E7CEE18EEF4F}.Release|x64.Build.0 = Release|x64
		{5D30E085-089A-471B-909A-E7CEE18EEF4F}.Release|x86.ActiveCfg = Release|Win32
		{5D30E085-089A-471B-909A-E7CEE18EEF4F}.Release|x86.Build.0 = Release|Win32
		{6250E747-A07B-424D-9293-27CA0FF2C972}.Debug|x64.ActiveCfg = Debug|x64
		{6250E747-A07B-424D-9293-27CA0FF2C972}.Debug|x64.Build.0 = Debug|x64
		{6250E747-A07B-424D-9293-27CA0FF2C972}.Debug|x86.ActiveCfg = Debug|Win32
		{6250E747-A07B-424D-9293-27CA0FF2C972}.Debug|x86.Build.0 = Debug|Win32
		{6250E747-A07B-424D-9293-27CA0FF2C972}.Release|x64.ActiveCfg = Release|x64
		{6250E747-A07B-424D-9293-27CA0FF2C972}.Release|x64.Build.0 = Release|x64
		{6250E747-A07B-424D-9293-27CA0FF2C972}.Release|x86.ActiveCfg = Release|Win32
		{6250E747-A07B-424D-9293-27CA0FF2C972}.Release|x86.Build.0 = Release|Win32
		{455416E4-51A3-459F-979C-FDD6A79A34A1}.Debug|x64.ActiveCfg = Debug|x64
		{455416E4-51A3-459F-979C-FDD6A79A34A1}.Debug|x64.Build.0 = Debug|x64
		{455416E4-51A3-459F-979C-FDD6A79A34A1}.Debug|x86.ActiveCfg = Debug|Win32
		{455416E4-51A3-459F-979C-FDD6A79A34A1}.Debug|x86.Build.0 = Debug|Win32
		{455416E4-51A3-459F-979C-FDD6A79A34A1}.Release|x64.ActiveCfg = Release|x64
		{455416E4-51A3-459F-979C-FDD6A79A34A1}.Release|x64.Build.0 = Release|x64
		{455416E4-51A3-459F-979C-FDD6A79A34A1}.Release|x86.ActiveCfg = Release|Win32
		{455416E4-51A3-459F-979C-FDD6A79A34A1}.Release|x86.Build.0 = Release|Win32
		{E382C45C-2994-41CE-8137-2662006FD4EC}.Debug|x64.ActiveCfg = Debug|x64
		{E382C45C-2994-41CE-8137-2662006FD4EC}.Debug|x64.Build.0 = Debug|x64
		{E382C45C-2994-41CE-8137-2662006FD4EC}.Debug|x86.ActiveCfg = Debug|Win32
		{E382C45C-2994-41CE-8137-2662006FD4EC}.Debug|x86.Build.0 = Debug|Win32
		{E382C45C-2994-41CE-8137-2662006FD4EC}.Release|x64.ActiveCfg = Release|x64
		{E382C45C-2994-41CE-8137-2662006FD4EC}.Release|x64.Build.0 = Release|x64
		{E382C45C-2994-41CE-8137-2662006FD4EC}.Release|x86.ActiveCfg = Release|Win32
		{E382C45C-2994-41CE-8137-2662006FD4EC}.Release|x86.Build.0 = Release|Win32
		{D5DBA186-EFED-4AC1-9E0C-F6049290EDAA}.Debug|x64.ActiveCfg = Debug|x64
		{D5DBA186-EFED-4AC1-9E0C-F6049290EDAA}.Debug|x64.Build.0 = Debug|x64
		{D5DBA186-EFED-4AC1-9E0C-F6049290EDAA}.Debug|x86.ActiveCfg = Debug|Win32
		{D5DBA186-EFED-4AC1-9E0C-F6049290EDAA}.Debug|x86.Build.0 = Debug|Win32
		{D5DBA186-EFED-4AC1-9E0C-F6049290EDAA}.Release|x64.ActiveCfg = Release|x64
		{D5DBA186-EFED-4AC1-9E0C-F6049290EDAA}.Release|x64.Build.0 = Release|x64
		{D5DBA186-EFED-4AC1-9E0C-F6049290EDAA}.Release|x86.ActiveCfg = Release|Win32
		{D5DBA186-EFED-4AC1-9E0C-F6049290EDAA}.Release|x86.Build.0 = Release|Win32
		{4C560533-DAC7-4ABB-9BEF-37971270D0A4}.Debug|x64.ActiveCfg = Debug|x64
		{4C560533-DAC7-4ABB-9BEF-37971270D0A4}.Debug|x64.Build.0 = Debug|x64
		{4C560533-DAC7-4ABB-9BEF-37971270D0A4}.Debug|x86.ActiveCfg = Debug|Win32
		{4C560533-DAC7-4ABB-9BEF-37971270D0A4}.Debug|x86.Build.0 = Debug|Win32
		{4C560533-DAC7-4ABB-9BEF-37971270D0A4}.Release|x64.ActiveCfg = Release|x64
		{4C560533-DAC7-4ABB-9BEF-37971270D0A4}.Release|x64.Build.0 = Release|x64
		{4C560533-DAC7-4ABB-9BEF-37971270D0A4}.Release|x86.ActiveCfg = Release|Win32
		{4C560533-DAC7-4ABB-9BEF-37971270D0A4}.Release|x86.Build.0 = Release|Win32
	EndGlobalSection
	GlobalSection(SolutionProperties) = preSolution
		HideSolutionNode = FALSE
	EndGlobalSection
	GlobalSection(NestedProjects) = preSolution
		{B9C0CFDE-2187-4ECE-9DAE-DDC3F8EFC37F} = {6BB11DAC-9383-4C86-B444-B18028B2B9C3}
		{199DE465-D6FE-4984-BD3A-DD0E43998682} = {6BB11DAC-9383-4C86-B444-B18028B2B9C3}
		{5D30E085-089A-471B-909A-E7CEE18EEF4F} = {6BB11DAC-9383-4C86-B444-B18028B2B9C3}
		{6250E747-A07B-424D-9293-27CA0FF2C972} = {6BB11DAC-9383-4C86-B444-B18028B2B9C3}
		{455416E4-51A3-459F-979C-FDD6A79A34A1} = {6BB11DAC-9383-4C86-B444-B18028B2B9C3}
		{E382C45C-2994-41CE-8137-2662006FD4EC} = {6BB11DAC-9383-4C86-B444-B18028B2B9C3}
		{D5DBA186-EFED-4AC1-9E0C-F6049290EDAA} = {6BB11DAC-9383-4C86-B444-B18028B2B9C3}
		{4C560533-DAC7-4ABB-9BEF-37971270D0A4} = {6BB11DAC-9383-4C86-B444-B18028B2B9C3}
	EndGlobalSection
	GlobalSection(ExtensibilityGlobals) = postSolution
		SolutionGuid = {A8307C27-EE79-444D-A5A8-1F0A5AD96CB6}
	EndGlobalSection
EndGlobal
